
Microsoft Visual Studio Solution File, Format Version 12.00
# Visual Studio 15
VisualStudioVersion = 15.0.26124.0
MinimumVisualStudioVersion = 15.0.26124.0
Project("{2150E333-8FDC-42A3-9474-1A3956D46DE8}") = "src", "src", "{ECC83062-6256-4F7D-B518-FFBF391B1F8F}"
EndProject
Project("{F2A71F9B-5D33-465A-A702-920D77279786}") = "Fable.BodyParser", "src\BodyParser\Fable.Npm.BodyParser.fsproj", "{8ACEAD56-DD5A-4BEA-8151-204ADD78BAA2}"
EndProject
Project("{F2A71F9B-5D33-465A-A702-920D77279786}") = "Fable.Connect", "src\Connect\Fable.Npm.Connect.fsproj", "{8A9FCFD9-1AFA-4C83-A1D4-877C4A88C44E}"
EndProject
Project("{F2A71F9B-5D33-465A-A702-920D77279786}") = "Fable.CookieParser", "src\CookieParser\Fable.Npm.CookieParser.fsproj", "{F3836544-CC4F-430B-9D1A-9AAF05DEDFCD}"
EndProject
Project("{F2A71F9B-5D33-465A-A702-920D77279786}") = "Fable.Express", "src\Express\Fable.Npm.Express.fsproj", "{C1AEF260-5C94-46FE-9EDB-870061981750}"
EndProject
Project("{F2A71F9B-5D33-465A-A702-920D77279786}") = "Fable.ExpressServeStaticCore", "src\ExpressServeStaticCore\Fable.Npm.ExpressServeStaticCore.fsproj", "{278919FC-9B3F-46F6-A41B-815157E8D3CD}"
EndProject
Project("{F2A71F9B-5D33-465A-A702-920D77279786}") = "Fable.Mime", "src\Mime\Fable.Npm.Mime.fsproj", "{0340D2A7-0FBA-472F-B49C-F5DB9E1BF1B7}"
EndProject
Project("{F2A71F9B-5D33-465A-A702-920D77279786}") = "Fable.Qs", "src\Qs\Fable.Npm.Qs.fsproj", "{A4789170-1B14-4041-82F9-4CDC181DB7F9}"
EndProject
Project("{F2A71F9B-5D33-465A-A702-920D77279786}") = "Fable.RangeParser", "src\RangeParser\Fable.Npm.RangeParser.fsproj", "{E155D736-86B8-4980-AAB1-89DA2648C27B}"
EndProject
Project("{F2A71F9B-5D33-465A-A702-920D77279786}") = "Fable.SuperAgent", "src\SuperAgent\Fable.Npm.SuperAgent.fsproj", "{50F78008-1F2E-4FCC-AA6B-036D13721AEB}"
EndProject
Project("{F2A71F9B-5D33-465A-A702-920D77279786}") = "Fable.SuperTest", "src\SuperTest\Fable.Npm.SuperTest.fsproj", "{AA76E307-67D0-408A-A110-53D11C236766}"
EndProject
Project("{F2A71F9B-5D33-465A-A702-920D77279786}") = "Tests", "tests\Tests.fsproj", "{990EDE2C-11D2-45AF-A4F8-975A9CC01082}"
EndProject
Project("{F2A71F9B-5D33-465A-A702-920D77279786}") = "Fable.Npm", "src\Npm\Fable.Npm.fsproj", "{63DAD516-D01A-4E0C-A658-40CAA68613A0}"
EndProject
Project("{F2A71F9B-5D33-465A-A702-920D77279786}") = "Fable.Npm.ServeStatic", "src\ServeStatic\Fable.Npm.ServeStatic.fsproj", "{A38D4E00-B0F7-4A56-83F1-AAA68E8A8F8F}"
EndProject
Project("{F2A71F9B-5D33-465A-A702-920D77279786}") = "Fable.Npm.Methods", "src\Methods\Fable.Npm.Methods.fsproj", "{5013D9AA-5E8D-4E7B-9021-991826ABFB83}"
EndProject
Project("{F2A71F9B-5D33-465A-A702-920D77279786}") = "Fable.Npm.After", "src\After\Fable.Npm.After.fsproj", "{7CEA4847-3A00-4A5C-B085-E2038C721BCA}"
EndProject
Global
	GlobalSection(SolutionConfigurationPlatforms) = preSolution
		Debug|Any CPU = Debug|Any CPU
		Debug|x64 = Debug|x64
		Debug|x86 = Debug|x86
		Release|Any CPU = Release|Any CPU
		Release|x64 = Release|x64
		Release|x86 = Release|x86
	EndGlobalSection
	GlobalSection(SolutionProperties) = preSolution
		HideSolutionNode = FALSE
	EndGlobalSection
	GlobalSection(ProjectConfigurationPlatforms) = postSolution
		{8ACEAD56-DD5A-4BEA-8151-204ADD78BAA2}.Debug|Any CPU.ActiveCfg = Debug|Any CPU
		{8ACEAD56-DD5A-4BEA-8151-204ADD78BAA2}.Debug|Any CPU.Build.0 = Debug|Any CPU
		{8ACEAD56-DD5A-4BEA-8151-204ADD78BAA2}.Debug|x64.ActiveCfg = Debug|Any CPU
		{8ACEAD56-DD5A-4BEA-8151-204ADD78BAA2}.Debug|x64.Build.0 = Debug|Any CPU
		{8ACEAD56-DD5A-4BEA-8151-204ADD78BAA2}.Debug|x86.ActiveCfg = Debug|Any CPU
		{8ACEAD56-DD5A-4BEA-8151-204ADD78BAA2}.Debug|x86.Build.0 = Debug|Any CPU
		{8ACEAD56-DD5A-4BEA-8151-204ADD78BAA2}.Release|Any CPU.ActiveCfg = Release|Any CPU
		{8ACEAD56-DD5A-4BEA-8151-204ADD78BAA2}.Release|Any CPU.Build.0 = Release|Any CPU
		{8ACEAD56-DD5A-4BEA-8151-204ADD78BAA2}.Release|x64.ActiveCfg = Release|Any CPU
		{8ACEAD56-DD5A-4BEA-8151-204ADD78BAA2}.Release|x64.Build.0 = Release|Any CPU
		{8ACEAD56-DD5A-4BEA-8151-204ADD78BAA2}.Release|x86.ActiveCfg = Release|Any CPU
		{8ACEAD56-DD5A-4BEA-8151-204ADD78BAA2}.Release|x86.Build.0 = Release|Any CPU
		{8A9FCFD9-1AFA-4C83-A1D4-877C4A88C44E}.Debug|Any CPU.ActiveCfg = Debug|Any CPU
		{8A9FCFD9-1AFA-4C83-A1D4-877C4A88C44E}.Debug|Any CPU.Build.0 = Debug|Any CPU
		{8A9FCFD9-1AFA-4C83-A1D4-877C4A88C44E}.Debug|x64.ActiveCfg = Debug|Any CPU
		{8A9FCFD9-1AFA-4C83-A1D4-877C4A88C44E}.Debug|x64.Build.0 = Debug|Any CPU
		{8A9FCFD9-1AFA-4C83-A1D4-877C4A88C44E}.Debug|x86.ActiveCfg = Debug|Any CPU
		{8A9FCFD9-1AFA-4C83-A1D4-877C4A88C44E}.Debug|x86.Build.0 = Debug|Any CPU
		{8A9FCFD9-1AFA-4C83-A1D4-877C4A88C44E}.Release|Any CPU.ActiveCfg = Release|Any CPU
		{8A9FCFD9-1AFA-4C83-A1D4-877C4A88C44E}.Release|Any CPU.Build.0 = Release|Any CPU
		{8A9FCFD9-1AFA-4C83-A1D4-877C4A88C44E}.Release|x64.ActiveCfg = Release|Any CPU
		{8A9FCFD9-1AFA-4C83-A1D4-877C4A88C44E}.Release|x64.Build.0 = Release|Any CPU
		{8A9FCFD9-1AFA-4C83-A1D4-877C4A88C44E}.Release|x86.ActiveCfg = Release|Any CPU
		{8A9FCFD9-1AFA-4C83-A1D4-877C4A88C44E}.Release|x86.Build.0 = Release|Any CPU
		{F3836544-CC4F-430B-9D1A-9AAF05DEDFCD}.Debug|Any CPU.ActiveCfg = Debug|Any CPU
		{F3836544-CC4F-430B-9D1A-9AAF05DEDFCD}.Debug|Any CPU.Build.0 = Debug|Any CPU
		{F3836544-CC4F-430B-9D1A-9AAF05DEDFCD}.Debug|x64.ActiveCfg = Debug|Any CPU
		{F3836544-CC4F-430B-9D1A-9AAF05DEDFCD}.Debug|x64.Build.0 = Debug|Any CPU
		{F3836544-CC4F-430B-9D1A-9AAF05DEDFCD}.Debug|x86.ActiveCfg = Debug|Any CPU
		{F3836544-CC4F-430B-9D1A-9AAF05DEDFCD}.Debug|x86.Build.0 = Debug|Any CPU
		{F3836544-CC4F-430B-9D1A-9AAF05DEDFCD}.Release|Any CPU.ActiveCfg = Release|Any CPU
		{F3836544-CC4F-430B-9D1A-9AAF05DEDFCD}.Release|Any CPU.Build.0 = Release|Any CPU
		{F3836544-CC4F-430B-9D1A-9AAF05DEDFCD}.Release|x64.ActiveCfg = Release|Any CPU
		{F3836544-CC4F-430B-9D1A-9AAF05DEDFCD}.Release|x64.Build.0 = Release|Any CPU
		{F3836544-CC4F-430B-9D1A-9AAF05DEDFCD}.Release|x86.ActiveCfg = Release|Any CPU
		{F3836544-CC4F-430B-9D1A-9AAF05DEDFCD}.Release|x86.Build.0 = Release|Any CPU
		{C1AEF260-5C94-46FE-9EDB-870061981750}.Debug|Any CPU.ActiveCfg = Debug|Any CPU
		{C1AEF260-5C94-46FE-9EDB-870061981750}.Debug|Any CPU.Build.0 = Debug|Any CPU
		{C1AEF260-5C94-46FE-9EDB-870061981750}.Debug|x64.ActiveCfg = Debug|Any CPU
		{C1AEF260-5C94-46FE-9EDB-870061981750}.Debug|x64.Build.0 = Debug|Any CPU
		{C1AEF260-5C94-46FE-9EDB-870061981750}.Debug|x86.ActiveCfg = Debug|Any CPU
		{C1AEF260-5C94-46FE-9EDB-870061981750}.Debug|x86.Build.0 = Debug|Any CPU
		{C1AEF260-5C94-46FE-9EDB-870061981750}.Release|Any CPU.ActiveCfg = Release|Any CPU
		{C1AEF260-5C94-46FE-9EDB-870061981750}.Release|Any CPU.Build.0 = Release|Any CPU
		{C1AEF260-5C94-46FE-9EDB-870061981750}.Release|x64.ActiveCfg = Release|Any CPU
		{C1AEF260-5C94-46FE-9EDB-870061981750}.Release|x64.Build.0 = Release|Any CPU
		{C1AEF260-5C94-46FE-9EDB-870061981750}.Release|x86.ActiveCfg = Release|Any CPU
		{C1AEF260-5C94-46FE-9EDB-870061981750}.Release|x86.Build.0 = Release|Any CPU
		{278919FC-9B3F-46F6-A41B-815157E8D3CD}.Debug|Any CPU.ActiveCfg = Debug|Any CPU
		{278919FC-9B3F-46F6-A41B-815157E8D3CD}.Debug|Any CPU.Build.0 = Debug|Any CPU
		{278919FC-9B3F-46F6-A41B-815157E8D3CD}.Debug|x64.ActiveCfg = Debug|Any CPU
		{278919FC-9B3F-46F6-A41B-815157E8D3CD}.Debug|x64.Build.0 = Debug|Any CPU
		{278919FC-9B3F-46F6-A41B-815157E8D3CD}.Debug|x86.ActiveCfg = Debug|Any CPU
		{278919FC-9B3F-46F6-A41B-815157E8D3CD}.Debug|x86.Build.0 = Debug|Any CPU
		{278919FC-9B3F-46F6-A41B-815157E8D3CD}.Release|Any CPU.ActiveCfg = Release|Any CPU
		{278919FC-9B3F-46F6-A41B-815157E8D3CD}.Release|Any CPU.Build.0 = Release|Any CPU
		{278919FC-9B3F-46F6-A41B-815157E8D3CD}.Release|x64.ActiveCfg = Release|Any CPU
		{278919FC-9B3F-46F6-A41B-815157E8D3CD}.Release|x64.Build.0 = Release|Any CPU
		{278919FC-9B3F-46F6-A41B-815157E8D3CD}.Release|x86.ActiveCfg = Release|Any CPU
		{278919FC-9B3F-46F6-A41B-815157E8D3CD}.Release|x86.Build.0 = Release|Any CPU
		{0340D2A7-0FBA-472F-B49C-F5DB9E1BF1B7}.Debug|Any CPU.ActiveCfg = Debug|Any CPU
		{0340D2A7-0FBA-472F-B49C-F5DB9E1BF1B7}.Debug|Any CPU.Build.0 = Debug|Any CPU
		{0340D2A7-0FBA-472F-B49C-F5DB9E1BF1B7}.Debug|x64.ActiveCfg = Debug|Any CPU
		{0340D2A7-0FBA-472F-B49C-F5DB9E1BF1B7}.Debug|x64.Build.0 = Debug|Any CPU
		{0340D2A7-0FBA-472F-B49C-F5DB9E1BF1B7}.Debug|x86.ActiveCfg = Debug|Any CPU
		{0340D2A7-0FBA-472F-B49C-F5DB9E1BF1B7}.Debug|x86.Build.0 = Debug|Any CPU
		{0340D2A7-0FBA-472F-B49C-F5DB9E1BF1B7}.Release|Any CPU.ActiveCfg = Release|Any CPU
		{0340D2A7-0FBA-472F-B49C-F5DB9E1BF1B7}.Release|Any CPU.Build.0 = Release|Any CPU
		{0340D2A7-0FBA-472F-B49C-F5DB9E1BF1B7}.Release|x64.ActiveCfg = Release|Any CPU
		{0340D2A7-0FBA-472F-B49C-F5DB9E1BF1B7}.Release|x64.Build.0 = Release|Any CPU
		{0340D2A7-0FBA-472F-B49C-F5DB9E1BF1B7}.Release|x86.ActiveCfg = Release|Any CPU
		{0340D2A7-0FBA-472F-B49C-F5DB9E1BF1B7}.Release|x86.Build.0 = Release|Any CPU
		{A4789170-1B14-4041-82F9-4CDC181DB7F9}.Debug|Any CPU.ActiveCfg = Debug|Any CPU
		{A4789170-1B14-4041-82F9-4CDC181DB7F9}.Debug|Any CPU.Build.0 = Debug|Any CPU
		{A4789170-1B14-4041-82F9-4CDC181DB7F9}.Debug|x64.ActiveCfg = Debug|Any CPU
		{A4789170-1B14-4041-82F9-4CDC181DB7F9}.Debug|x64.Build.0 = Debug|Any CPU
		{A4789170-1B14-4041-82F9-4CDC181DB7F9}.Debug|x86.ActiveCfg = Debug|Any CPU
		{A4789170-1B14-4041-82F9-4CDC181DB7F9}.Debug|x86.Build.0 = Debug|Any CPU
		{A4789170-1B14-4041-82F9-4CDC181DB7F9}.Release|Any CPU.ActiveCfg = Release|Any CPU
		{A4789170-1B14-4041-82F9-4CDC181DB7F9}.Release|Any CPU.Build.0 = Release|Any CPU
		{A4789170-1B14-4041-82F9-4CDC181DB7F9}.Release|x64.ActiveCfg = Release|Any CPU
		{A4789170-1B14-4041-82F9-4CDC181DB7F9}.Release|x64.Build.0 = Release|Any CPU
		{A4789170-1B14-4041-82F9-4CDC181DB7F9}.Release|x86.ActiveCfg = Release|Any CPU
		{A4789170-1B14-4041-82F9-4CDC181DB7F9}.Release|x86.Build.0 = Release|Any CPU
		{E155D736-86B8-4980-AAB1-89DA2648C27B}.Debug|Any CPU.ActiveCfg = Debug|Any CPU
		{E155D736-86B8-4980-AAB1-89DA2648C27B}.Debug|Any CPU.Build.0 = Debug|Any CPU
		{E155D736-86B8-4980-AAB1-89DA2648C27B}.Debug|x64.ActiveCfg = Debug|Any CPU
		{E155D736-86B8-4980-AAB1-89DA2648C27B}.Debug|x64.Build.0 = Debug|Any CPU
		{E155D736-86B8-4980-AAB1-89DA2648C27B}.Debug|x86.ActiveCfg = Debug|Any CPU
		{E155D736-86B8-4980-AAB1-89DA2648C27B}.Debug|x86.Build.0 = Debug|Any CPU
		{E155D736-86B8-4980-AAB1-89DA2648C27B}.Release|Any CPU.ActiveCfg = Release|Any CPU
		{E155D736-86B8-4980-AAB1-89DA2648C27B}.Release|Any CPU.Build.0 = Release|Any CPU
		{E155D736-86B8-4980-AAB1-89DA2648C27B}.Release|x64.ActiveCfg = Release|Any CPU
		{E155D736-86B8-4980-AAB1-89DA2648C27B}.Release|x64.Build.0 = Release|Any CPU
		{E155D736-86B8-4980-AAB1-89DA2648C27B}.Release|x86.ActiveCfg = Release|Any CPU
		{E155D736-86B8-4980-AAB1-89DA2648C27B}.Release|x86.Build.0 = Release|Any CPU
		{50F78008-1F2E-4FCC-AA6B-036D13721AEB}.Debug|Any CPU.ActiveCfg = Debug|Any CPU
		{50F78008-1F2E-4FCC-AA6B-036D13721AEB}.Debug|Any CPU.Build.0 = Debug|Any CPU
		{50F78008-1F2E-4FCC-AA6B-036D13721AEB}.Debug|x64.ActiveCfg = Debug|Any CPU
		{50F78008-1F2E-4FCC-AA6B-036D13721AEB}.Debug|x64.Build.0 = Debug|Any CPU
		{50F78008-1F2E-4FCC-AA6B-036D13721AEB}.Debug|x86.ActiveCfg = Debug|Any CPU
		{50F78008-1F2E-4FCC-AA6B-036D13721AEB}.Debug|x86.Build.0 = Debug|Any CPU
		{50F78008-1F2E-4FCC-AA6B-036D13721AEB}.Release|Any CPU.ActiveCfg = Release|Any CPU
		{50F78008-1F2E-4FCC-AA6B-036D13721AEB}.Release|Any CPU.Build.0 = Release|Any CPU
		{50F78008-1F2E-4FCC-AA6B-036D13721AEB}.Release|x64.ActiveCfg = Release|Any CPU
		{50F78008-1F2E-4FCC-AA6B-036D13721AEB}.Release|x64.Build.0 = Release|Any CPU
		{50F78008-1F2E-4FCC-AA6B-036D13721AEB}.Release|x86.ActiveCfg = Release|Any CPU
		{50F78008-1F2E-4FCC-AA6B-036D13721AEB}.Release|x86.Build.0 = Release|Any CPU
		{AA76E307-67D0-408A-A110-53D11C236766}.Debug|Any CPU.ActiveCfg = Debug|Any CPU
		{AA76E307-67D0-408A-A110-53D11C236766}.Debug|Any CPU.Build.0 = Debug|Any CPU
		{AA76E307-67D0-408A-A110-53D11C236766}.Debug|x64.ActiveCfg = Debug|Any CPU
		{AA76E307-67D0-408A-A110-53D11C236766}.Debug|x64.Build.0 = Debug|Any CPU
		{AA76E307-67D0-408A-A110-53D11C236766}.Debug|x86.ActiveCfg = Debug|Any CPU
		{AA76E307-67D0-408A-A110-53D11C236766}.Debug|x86.Build.0 = Debug|Any CPU
		{AA76E307-67D0-408A-A110-53D11C236766}.Release|Any CPU.ActiveCfg = Release|Any CPU
		{AA76E307-67D0-408A-A110-53D11C236766}.Release|Any CPU.Build.0 = Release|Any CPU
		{AA76E307-67D0-408A-A110-53D11C236766}.Release|x64.ActiveCfg = Release|Any CPU
		{AA76E307-67D0-408A-A110-53D11C236766}.Release|x64.Build.0 = Release|Any CPU
		{AA76E307-67D0-408A-A110-53D11C236766}.Release|x86.ActiveCfg = Release|Any CPU
		{AA76E307-67D0-408A-A110-53D11C236766}.Release|x86.Build.0 = Release|Any CPU
		{990EDE2C-11D2-45AF-A4F8-975A9CC01082}.Debug|Any CPU.ActiveCfg = Debug|Any CPU
		{990EDE2C-11D2-45AF-A4F8-975A9CC01082}.Debug|Any CPU.Build.0 = Debug|Any CPU
		{990EDE2C-11D2-45AF-A4F8-975A9CC01082}.Debug|x64.ActiveCfg = Debug|Any CPU
		{990EDE2C-11D2-45AF-A4F8-975A9CC01082}.Debug|x64.Build.0 = Debug|Any CPU
		{990EDE2C-11D2-45AF-A4F8-975A9CC01082}.Debug|x86.ActiveCfg = Debug|Any CPU
		{990EDE2C-11D2-45AF-A4F8-975A9CC01082}.Debug|x86.Build.0 = Debug|Any CPU
		{990EDE2C-11D2-45AF-A4F8-975A9CC01082}.Release|Any CPU.ActiveCfg = Release|Any CPU
		{990EDE2C-11D2-45AF-A4F8-975A9CC01082}.Release|Any CPU.Build.0 = Release|Any CPU
		{990EDE2C-11D2-45AF-A4F8-975A9CC01082}.Release|x64.ActiveCfg = Release|Any CPU
		{990EDE2C-11D2-45AF-A4F8-975A9CC01082}.Release|x64.Build.0 = Release|Any CPU
		{990EDE2C-11D2-45AF-A4F8-975A9CC01082}.Release|x86.ActiveCfg = Release|Any CPU
		{990EDE2C-11D2-45AF-A4F8-975A9CC01082}.Release|x86.Build.0 = Release|Any CPU
		{63DAD516-D01A-4E0C-A658-40CAA68613A0}.Debug|Any CPU.ActiveCfg = Debug|Any CPU
		{63DAD516-D01A-4E0C-A658-40CAA68613A0}.Debug|Any CPU.Build.0 = Debug|Any CPU
		{63DAD516-D01A-4E0C-A658-40CAA68613A0}.Debug|x64.ActiveCfg = Debug|Any CPU
		{63DAD516-D01A-4E0C-A658-40CAA68613A0}.Debug|x64.Build.0 = Debug|Any CPU
		{63DAD516-D01A-4E0C-A658-40CAA68613A0}.Debug|x86.ActiveCfg = Debug|Any CPU
		{63DAD516-D01A-4E0C-A658-40CAA68613A0}.Debug|x86.Build.0 = Debug|Any CPU
		{63DAD516-D01A-4E0C-A658-40CAA68613A0}.Release|Any CPU.ActiveCfg = Release|Any CPU
		{63DAD516-D01A-4E0C-A658-40CAA68613A0}.Release|Any CPU.Build.0 = Release|Any CPU
		{63DAD516-D01A-4E0C-A658-40CAA68613A0}.Release|x64.ActiveCfg = Release|Any CPU
		{63DAD516-D01A-4E0C-A658-40CAA68613A0}.Release|x64.Build.0 = Release|Any CPU
		{63DAD516-D01A-4E0C-A658-40CAA68613A0}.Release|x86.ActiveCfg = Release|Any CPU
		{63DAD516-D01A-4E0C-A658-40CAA68613A0}.Release|x86.Build.0 = Release|Any CPU
		{A38D4E00-B0F7-4A56-83F1-AAA68E8A8F8F}.Debug|Any CPU.ActiveCfg = Debug|Any CPU
		{A38D4E00-B0F7-4A56-83F1-AAA68E8A8F8F}.Debug|Any CPU.Build.0 = Debug|Any CPU
		{A38D4E00-B0F7-4A56-83F1-AAA68E8A8F8F}.Debug|x64.ActiveCfg = Debug|Any CPU
		{A38D4E00-B0F7-4A56-83F1-AAA68E8A8F8F}.Debug|x64.Build.0 = Debug|Any CPU
		{A38D4E00-B0F7-4A56-83F1-AAA68E8A8F8F}.Debug|x86.ActiveCfg = Debug|Any CPU
		{A38D4E00-B0F7-4A56-83F1-AAA68E8A8F8F}.Debug|x86.Build.0 = Debug|Any CPU
		{A38D4E00-B0F7-4A56-83F1-AAA68E8A8F8F}.Release|Any CPU.ActiveCfg = Release|Any CPU
		{A38D4E00-B0F7-4A56-83F1-AAA68E8A8F8F}.Release|Any CPU.Build.0 = Release|Any CPU
		{A38D4E00-B0F7-4A56-83F1-AAA68E8A8F8F}.Release|x64.ActiveCfg = Release|Any CPU
		{A38D4E00-B0F7-4A56-83F1-AAA68E8A8F8F}.Release|x64.Build.0 = Release|Any CPU
		{A38D4E00-B0F7-4A56-83F1-AAA68E8A8F8F}.Release|x86.ActiveCfg = Release|Any CPU
		{A38D4E00-B0F7-4A56-83F1-AAA68E8A8F8F}.Release|x86.Build.0 = Release|Any CPU
		{5013D9AA-5E8D-4E7B-9021-991826ABFB83}.Debug|Any CPU.ActiveCfg = Debug|Any CPU
		{5013D9AA-5E8D-4E7B-9021-991826ABFB83}.Debug|Any CPU.Build.0 = Debug|Any CPU
		{5013D9AA-5E8D-4E7B-9021-991826ABFB83}.Debug|x64.ActiveCfg = Debug|Any CPU
		{5013D9AA-5E8D-4E7B-9021-991826ABFB83}.Debug|x64.Build.0 = Debug|Any CPU
		{5013D9AA-5E8D-4E7B-9021-991826ABFB83}.Debug|x86.ActiveCfg = Debug|Any CPU
		{5013D9AA-5E8D-4E7B-9021-991826ABFB83}.Debug|x86.Build.0 = Debug|Any CPU
		{5013D9AA-5E8D-4E7B-9021-991826ABFB83}.Release|Any CPU.ActiveCfg = Release|Any CPU
		{5013D9AA-5E8D-4E7B-9021-991826ABFB83}.Release|Any CPU.Build.0 = Release|Any CPU
		{5013D9AA-5E8D-4E7B-9021-991826ABFB83}.Release|x64.ActiveCfg = Release|Any CPU
		{5013D9AA-5E8D-4E7B-9021-991826ABFB83}.Release|x64.Build.0 = Release|Any CPU
		{5013D9AA-5E8D-4E7B-9021-991826ABFB83}.Release|x86.ActiveCfg = Release|Any CPU
		{5013D9AA-5E8D-4E7B-9021-991826ABFB83}.Release|x86.Build.0 = Release|Any CPU
		{7CEA4847-3A00-4A5C-B085-E2038C721BCA}.Debug|Any CPU.ActiveCfg = Debug|Any CPU
		{7CEA4847-3A00-4A5C-B085-E2038C721BCA}.Debug|Any CPU.Build.0 = Debug|Any CPU
		{7CEA4847-3A00-4A5C-B085-E2038C721BCA}.Debug|x64.ActiveCfg = Debug|Any CPU
		{7CEA4847-3A00-4A5C-B085-E2038C721BCA}.Debug|x64.Build.0 = Debug|Any CPU
		{7CEA4847-3A00-4A5C-B085-E2038C721BCA}.Debug|x86.ActiveCfg = Debug|Any CPU
		{7CEA4847-3A00-4A5C-B085-E2038C721BCA}.Debug|x86.Build.0 = Debug|Any CPU
		{7CEA4847-3A00-4A5C-B085-E2038C721BCA}.Release|Any CPU.ActiveCfg = Release|Any CPU
		{7CEA4847-3A00-4A5C-B085-E2038C721BCA}.Release|Any CPU.Build.0 = Release|Any CPU
		{7CEA4847-3A00-4A5C-B085-E2038C721BCA}.Release|x64.ActiveCfg = Release|Any CPU
		{7CEA4847-3A00-4A5C-B085-E2038C721BCA}.Release|x64.Build.0 = Release|Any CPU
		{7CEA4847-3A00-4A5C-B085-E2038C721BCA}.Release|x86.ActiveCfg = Release|Any CPU
		{7CEA4847-3A00-4A5C-B085-E2038C721BCA}.Release|x86.Build.0 = Release|Any CPU
	EndGlobalSection
	GlobalSection(NestedProjects) = preSolution
		{8ACEAD56-DD5A-4BEA-8151-204ADD78BAA2} = {ECC83062-6256-4F7D-B518-FFBF391B1F8F}
		{8A9FCFD9-1AFA-4C83-A1D4-877C4A88C44E} = {ECC83062-6256-4F7D-B518-FFBF391B1F8F}
		{F3836544-CC4F-430B-9D1A-9AAF05DEDFCD} = {ECC83062-6256-4F7D-B518-FFBF391B1F8F}
		{C1AEF260-5C94-46FE-9EDB-870061981750} = {ECC83062-6256-4F7D-B518-FFBF391B1F8F}
		{278919FC-9B3F-46F6-A41B-815157E8D3CD} = {ECC83062-6256-4F7D-B518-FFBF391B1F8F}
		{0340D2A7-0FBA-472F-B49C-F5DB9E1BF1B7} = {ECC83062-6256-4F7D-B518-FFBF391B1F8F}
		{A4789170-1B14-4041-82F9-4CDC181DB7F9} = {ECC83062-6256-4F7D-B518-FFBF391B1F8F}
		{E155D736-86B8-4980-AAB1-89DA2648C27B} = {ECC83062-6256-4F7D-B518-FFBF391B1F8F}
		{50F78008-1F2E-4FCC-AA6B-036D13721AEB} = {ECC83062-6256-4F7D-B518-FFBF391B1F8F}
		{AA76E307-67D0-408A-A110-53D11C236766} = {ECC83062-6256-4F7D-B518-FFBF391B1F8F}
		{63DAD516-D01A-4E0C-A658-40CAA68613A0} = {ECC83062-6256-4F7D-B518-FFBF391B1F8F}
		{A38D4E00-B0F7-4A56-83F1-AAA68E8A8F8F} = {ECC83062-6256-4F7D-B518-FFBF391B1F8F}
		{5013D9AA-5E8D-4E7B-9021-991826ABFB83} = {ECC83062-6256-4F7D-B518-FFBF391B1F8F}
		{7CEA4847-3A00-4A5C-B085-E2038C721BCA} = {ECC83062-6256-4F7D-B518-FFBF391B1F8F}
	EndGlobalSection
EndGlobal
