
Microsoft Visual Studio Solution File, Format Version 12.00
# Visual Studio Version 17
VisualStudioVersion = 17.0.31903.59
MinimumVisualStudioVersion = 10.0.40219.1
Project("{2150E333-8FDC-42A3-9474-1A3956D46DE8}") = "glues", "glues", "{C9B87C41-32D3-4940-BF4E-AD3C2B1C980C}"
EndProject
Project("{2150E333-8FDC-42A3-9474-1A3956D46DE8}") = "Methods", "Methods", "{17609B82-C6C1-48E6-9124-A492F82BB002}"
EndProject
Project("{F2A71F9B-5D33-465A-A702-920D77279786}") = "Glutinum.Methods", "glues\Methods\src\Glutinum.Methods.fsproj", "{32AEA7DC-20DA-4CFE-8F03-EB2EC2570278}"
EndProject
Project("{2150E333-8FDC-42A3-9474-1A3956D46DE8}") = "SuperTest", "SuperTest", "{F46C544D-6AAC-4549-99B8-1BF43CAD4F94}"
EndProject
Project("{F2A71F9B-5D33-465A-A702-920D77279786}") = "Glutinum.SuperTest", "glues\SuperTest\src\Glutinum.SuperTest.fsproj", "{13590C95-B6E8-47BF-BC7B-9B77A3754825}"
EndProject
Project("{2150E333-8FDC-42A3-9474-1A3956D46DE8}") = "ExpressServeStaticCore", "ExpressServeStaticCore", "{05E66108-143F-4816-8973-925524EAEE2B}"
EndProject
Project("{F2A71F9B-5D33-465A-A702-920D77279786}") = "Glutinum.ExpressServeStaticCore", "glues\ExpressServeStaticCore\src\Glutinum.ExpressServeStaticCore.fsproj", "{29CD93D3-66D6-4EE6-BA5B-9C5FD33CC624}"
EndProject
Project("{2150E333-8FDC-42A3-9474-1A3956D46DE8}") = "Express", "Express", "{6F777D40-FF24-4238-8976-B10611EF8661}"
EndProject
Project("{F2A71F9B-5D33-465A-A702-920D77279786}") = "Tests.Express", "glues\Express\tests\Tests.Express.fsproj", "{41E80A76-A27F-4EC3-8830-6A39B064C1C8}"
EndProject
Project("{F2A71F9B-5D33-465A-A702-920D77279786}") = "Glutinum.Express", "glues\Express\src\Glutinum.Express.fsproj", "{23F635CC-61B5-466D-AC26-DE4EFE537C47}"
EndProject
Project("{2150E333-8FDC-42A3-9474-1A3956D46DE8}") = "Qs", "Qs", "{61A25E20-C2A5-4EB3-B38F-47923DD82EA3}"
EndProject
Project("{F2A71F9B-5D33-465A-A702-920D77279786}") = "Tests.Qs", "glues\Qs\tests\Tests.Qs.fsproj", "{A109F656-1A6F-44A1-A2D8-B05B04C6FDC6}"
EndProject
Project("{F2A71F9B-5D33-465A-A702-920D77279786}") = "Glutinum.Qs", "glues\Qs\src\Glutinum.Qs.fsproj", "{906B7226-196E-4B40-A7E5-44DE1834CF4B}"
EndProject
Project("{2150E333-8FDC-42A3-9474-1A3956D46DE8}") = "RangeParser", "RangeParser", "{4F4C1FD2-17CC-431C-BD7D-27903261C9D9}"
EndProject
Project("{F2A71F9B-5D33-465A-A702-920D77279786}") = "Glutinum.RangeParser", "glues\RangeParser\src\Glutinum.RangeParser.fsproj", "{0D13D2C5-2334-4A65-B9E9-78EC1CBA7B06}"
EndProject
Project("{2150E333-8FDC-42A3-9474-1A3956D46DE8}") = "SuperAgent", "SuperAgent", "{53110FC9-0E65-4984-8487-83AC95CA70E4}"
EndProject
Project("{F2A71F9B-5D33-465A-A702-920D77279786}") = "Glutinum.SuperAgent", "glues\SuperAgent\src\Glutinum.SuperAgent.fsproj", "{D8A705D5-3716-4F33-8B48-3F2E2B77C63F}"
EndProject
Project("{2150E333-8FDC-42A3-9474-1A3956D46DE8}") = "Chalk", "Chalk", "{5212BDA5-4F60-4D14-A239-202F5BE4FC08}"
EndProject
Project("{F2A71F9B-5D33-465A-A702-920D77279786}") = "Tests.Chalk", "glues\Chalk\tests\Tests.Chalk.fsproj", "{3F6DE216-CAE0-4179-BC7D-A7C06C787141}"
EndProject
Project("{F2A71F9B-5D33-465A-A702-920D77279786}") = "Glutinum.Chalk", "glues\Chalk\src\Glutinum.Chalk.fsproj", "{20E1AC54-B3D8-4327-AACB-D666071EFAB2}"
EndProject
Project("{2150E333-8FDC-42A3-9474-1A3956D46DE8}") = "Mime", "Mime", "{E7AECEB1-ED17-44C4-96E5-A3EBF58E7268}"
EndProject
Project("{F2A71F9B-5D33-465A-A702-920D77279786}") = "Tests.Mime", "glues\Mime\tests\Tests.Mime.fsproj", "{4E138B32-A92C-4978-834E-5B63BE9776E9}"
EndProject
Project("{F2A71F9B-5D33-465A-A702-920D77279786}") = "Glutinum.Mime", "glues\Mime\src\Glutinum.Mime.fsproj", "{193C6AF3-34EA-4B28-8332-0979118910AE}"
EndProject
Project("{2150E333-8FDC-42A3-9474-1A3956D46DE8}") = "ServeStatic", "ServeStatic", "{444D598B-B839-434F-B9DA-EB1A70ADAC01}"
EndProject
Project("{F2A71F9B-5D33-465A-A702-920D77279786}") = "Tests.ServeStatic", "glues\ServeStatic\tests\Tests.ServeStatic.fsproj", "{CA88F8A4-06F4-44C1-978D-F1DEB51F3F60}"
EndProject
Project("{F2A71F9B-5D33-465A-A702-920D77279786}") = "Glutinum.ServeStatic", "glues\ServeStatic\src\Glutinum.ServeStatic.fsproj", "{55889675-67DB-4694-B263-8ECD554C6053}"
EndProject
Project("{2150E333-8FDC-42A3-9474-1A3956D46DE8}") = "After", "After", "{1AB95126-548B-4978-A35A-D51ED520856A}"
EndProject
Project("{F2A71F9B-5D33-465A-A702-920D77279786}") = "Glutinum.After", "glues\After\src\Glutinum.After.fsproj", "{A33AF8A6-E1EA-40B9-8C8D-36A03EB6DAB8}"
EndProject
Project("{2150E333-8FDC-42A3-9474-1A3956D46DE8}") = "Connect", "Connect", "{C2D1D77C-DDDD-493C-9284-CB2B3A4F692E}"
EndProject
Project("{F2A71F9B-5D33-465A-A702-920D77279786}") = "Tests.Connect", "glues\Connect\tests\Tests.Connect.fsproj", "{336A0408-3431-452F-8167-6AFE852E4219}"
EndProject
Project("{F2A71F9B-5D33-465A-A702-920D77279786}") = "Glutinum.Connect", "glues\Connect\src\Glutinum.Connect.fsproj", "{2862402C-F32A-4AB2-8524-888AFC2A57E7}"
EndProject
Project("{2150E333-8FDC-42A3-9474-1A3956D46DE8}") = "RangeParser.Extensions", "RangeParser.Extensions", "{6DFD7B5F-3CB0-4BCB-9E32-FB7CFE762208}"
EndProject
Project("{F2A71F9B-5D33-465A-A702-920D77279786}") = "Tests.RangeParser", "glues\RangeParser.Extensions\tests\Tests.RangeParser.fsproj", "{2EC8B280-AFD7-41AC-80D5-1D190753E5CE}"
EndProject
Project("{F2A71F9B-5D33-465A-A702-920D77279786}") = "Glutinum.RangeParser.Extensions", "glues\RangeParser.Extensions\src\Glutinum.RangeParser.Extensions.fsproj", "{790035EC-CBFE-49B1-A265-57C34D5396E2}"
EndProject
Project("{2150E333-8FDC-42A3-9474-1A3956D46DE8}") = "BodyParser", "BodyParser", "{F7E5C0C1-7048-4918-910E-314CFEC905D4}"
EndProject
Project("{F2A71F9B-5D33-465A-A702-920D77279786}") = "Tests.BodyParser", "glues\BodyParser\tests\Tests.BodyParser.fsproj", "{084DC2A7-DD55-47ED-BD90-48A7692F83C0}"
EndProject
Project("{F2A71F9B-5D33-465A-A702-920D77279786}") = "Glutinum.BodyParser", "glues\BodyParser\src\Glutinum.BodyParser.fsproj", "{EA2DE471-BBDA-434F-8659-B67231BEDD6D}"
EndProject
Global
	GlobalSection(SolutionConfigurationPlatforms) = preSolution
		Debug|Any CPU = Debug|Any CPU
		Release|Any CPU = Release|Any CPU
	EndGlobalSection
	GlobalSection(SolutionProperties) = preSolution
		HideSolutionNode = FALSE
	EndGlobalSection
	GlobalSection(ProjectConfigurationPlatforms) = postSolution
		{32AEA7DC-20DA-4CFE-8F03-EB2EC2570278}.Debug|Any CPU.ActiveCfg = Debug|Any CPU
		{32AEA7DC-20DA-4CFE-8F03-EB2EC2570278}.Debug|Any CPU.Build.0 = Debug|Any CPU
		{32AEA7DC-20DA-4CFE-8F03-EB2EC2570278}.Release|Any CPU.ActiveCfg = Release|Any CPU
		{32AEA7DC-20DA-4CFE-8F03-EB2EC2570278}.Release|Any CPU.Build.0 = Release|Any CPU
		{13590C95-B6E8-47BF-BC7B-9B77A3754825}.Debug|Any CPU.ActiveCfg = Debug|Any CPU
		{13590C95-B6E8-47BF-BC7B-9B77A3754825}.Debug|Any CPU.Build.0 = Debug|Any CPU
		{13590C95-B6E8-47BF-BC7B-9B77A3754825}.Release|Any CPU.ActiveCfg = Release|Any CPU
		{13590C95-B6E8-47BF-BC7B-9B77A3754825}.Release|Any CPU.Build.0 = Release|Any CPU
		{29CD93D3-66D6-4EE6-BA5B-9C5FD33CC624}.Debug|Any CPU.ActiveCfg = Debug|Any CPU
		{29CD93D3-66D6-4EE6-BA5B-9C5FD33CC624}.Debug|Any CPU.Build.0 = Debug|Any CPU
		{29CD93D3-66D6-4EE6-BA5B-9C5FD33CC624}.Release|Any CPU.ActiveCfg = Release|Any CPU
		{29CD93D3-66D6-4EE6-BA5B-9C5FD33CC624}.Release|Any CPU.Build.0 = Release|Any CPU
		{41E80A76-A27F-4EC3-8830-6A39B064C1C8}.Debug|Any CPU.ActiveCfg = Debug|Any CPU
		{41E80A76-A27F-4EC3-8830-6A39B064C1C8}.Debug|Any CPU.Build.0 = Debug|Any CPU
		{41E80A76-A27F-4EC3-8830-6A39B064C1C8}.Release|Any CPU.ActiveCfg = Release|Any CPU
		{41E80A76-A27F-4EC3-8830-6A39B064C1C8}.Release|Any CPU.Build.0 = Release|Any CPU
		{23F635CC-61B5-466D-AC26-DE4EFE537C47}.Debug|Any CPU.ActiveCfg = Debug|Any CPU
		{23F635CC-61B5-466D-AC26-DE4EFE537C47}.Debug|Any CPU.Build.0 = Debug|Any CPU
		{23F635CC-61B5-466D-AC26-DE4EFE537C47}.Release|Any CPU.ActiveCfg = Release|Any CPU
		{23F635CC-61B5-466D-AC26-DE4EFE537C47}.Release|Any CPU.Build.0 = Release|Any CPU
		{A109F656-1A6F-44A1-A2D8-B05B04C6FDC6}.Debug|Any CPU.ActiveCfg = Debug|Any CPU
		{A109F656-1A6F-44A1-A2D8-B05B04C6FDC6}.Debug|Any CPU.Build.0 = Debug|Any CPU
		{A109F656-1A6F-44A1-A2D8-B05B04C6FDC6}.Release|Any CPU.ActiveCfg = Release|Any CPU
		{A109F656-1A6F-44A1-A2D8-B05B04C6FDC6}.Release|Any CPU.Build.0 = Release|Any CPU
		{906B7226-196E-4B40-A7E5-44DE1834CF4B}.Debug|Any CPU.ActiveCfg = Debug|Any CPU
		{906B7226-196E-4B40-A7E5-44DE1834CF4B}.Debug|Any CPU.Build.0 = Debug|Any CPU
		{906B7226-196E-4B40-A7E5-44DE1834CF4B}.Release|Any CPU.ActiveCfg = Release|Any CPU
		{906B7226-196E-4B40-A7E5-44DE1834CF4B}.Release|Any CPU.Build.0 = Release|Any CPU
		{0D13D2C5-2334-4A65-B9E9-78EC1CBA7B06}.Debug|Any CPU.ActiveCfg = Debug|Any CPU
		{0D13D2C5-2334-4A65-B9E9-78EC1CBA7B06}.Debug|Any CPU.Build.0 = Debug|Any CPU
		{0D13D2C5-2334-4A65-B9E9-78EC1CBA7B06}.Release|Any CPU.ActiveCfg = Release|Any CPU
		{0D13D2C5-2334-4A65-B9E9-78EC1CBA7B06}.Release|Any CPU.Build.0 = Release|Any CPU
		{D8A705D5-3716-4F33-8B48-3F2E2B77C63F}.Debug|Any CPU.ActiveCfg = Debug|Any CPU
		{D8A705D5-3716-4F33-8B48-3F2E2B77C63F}.Debug|Any CPU.Build.0 = Debug|Any CPU
		{D8A705D5-3716-4F33-8B48-3F2E2B77C63F}.Release|Any CPU.ActiveCfg = Release|Any CPU
		{D8A705D5-3716-4F33-8B48-3F2E2B77C63F}.Release|Any CPU.Build.0 = Release|Any CPU
		{3F6DE216-CAE0-4179-BC7D-A7C06C787141}.Debug|Any CPU.ActiveCfg = Debug|Any CPU
		{3F6DE216-CAE0-4179-BC7D-A7C06C787141}.Debug|Any CPU.Build.0 = Debug|Any CPU
		{3F6DE216-CAE0-4179-BC7D-A7C06C787141}.Release|Any CPU.ActiveCfg = Release|Any CPU
		{3F6DE216-CAE0-4179-BC7D-A7C06C787141}.Release|Any CPU.Build.0 = Release|Any CPU
		{20E1AC54-B3D8-4327-AACB-D666071EFAB2}.Debug|Any CPU.ActiveCfg = Debug|Any CPU
		{20E1AC54-B3D8-4327-AACB-D666071EFAB2}.Debug|Any CPU.Build.0 = Debug|Any CPU
		{20E1AC54-B3D8-4327-AACB-D666071EFAB2}.Release|Any CPU.ActiveCfg = Release|Any CPU
		{20E1AC54-B3D8-4327-AACB-D666071EFAB2}.Release|Any CPU.Build.0 = Release|Any CPU
		{4E138B32-A92C-4978-834E-5B63BE9776E9}.Debug|Any CPU.ActiveCfg = Debug|Any CPU
		{4E138B32-A92C-4978-834E-5B63BE9776E9}.Debug|Any CPU.Build.0 = Debug|Any CPU
		{4E138B32-A92C-4978-834E-5B63BE9776E9}.Release|Any CPU.ActiveCfg = Release|Any CPU
		{4E138B32-A92C-4978-834E-5B63BE9776E9}.Release|Any CPU.Build.0 = Release|Any CPU
		{193C6AF3-34EA-4B28-8332-0979118910AE}.Debug|Any CPU.ActiveCfg = Debug|Any CPU
		{193C6AF3-34EA-4B28-8332-0979118910AE}.Debug|Any CPU.Build.0 = Debug|Any CPU
		{193C6AF3-34EA-4B28-8332-0979118910AE}.Release|Any CPU.ActiveCfg = Release|Any CPU
		{193C6AF3-34EA-4B28-8332-0979118910AE}.Release|Any CPU.Build.0 = Release|Any CPU
		{CA88F8A4-06F4-44C1-978D-F1DEB51F3F60}.Debug|Any CPU.ActiveCfg = Debug|Any CPU
		{CA88F8A4-06F4-44C1-978D-F1DEB51F3F60}.Debug|Any CPU.Build.0 = Debug|Any CPU
		{CA88F8A4-06F4-44C1-978D-F1DEB51F3F60}.Release|Any CPU.ActiveCfg = Release|Any CPU
		{CA88F8A4-06F4-44C1-978D-F1DEB51F3F60}.Release|Any CPU.Build.0 = Release|Any CPU
		{55889675-67DB-4694-B263-8ECD554C6053}.Debug|Any CPU.ActiveCfg = Debug|Any CPU
		{55889675-67DB-4694-B263-8ECD554C6053}.Debug|Any CPU.Build.0 = Debug|Any CPU
		{55889675-67DB-4694-B263-8ECD554C6053}.Release|Any CPU.ActiveCfg = Release|Any CPU
		{55889675-67DB-4694-B263-8ECD554C6053}.Release|Any CPU.Build.0 = Release|Any CPU
		{A33AF8A6-E1EA-40B9-8C8D-36A03EB6DAB8}.Debug|Any CPU.ActiveCfg = Debug|Any CPU
		{A33AF8A6-E1EA-40B9-8C8D-36A03EB6DAB8}.Debug|Any CPU.Build.0 = Debug|Any CPU
		{A33AF8A6-E1EA-40B9-8C8D-36A03EB6DAB8}.Release|Any CPU.ActiveCfg = Release|Any CPU
		{A33AF8A6-E1EA-40B9-8C8D-36A03EB6DAB8}.Release|Any CPU.Build.0 = Release|Any CPU
		{336A0408-3431-452F-8167-6AFE852E4219}.Debug|Any CPU.ActiveCfg = Debug|Any CPU
		{336A0408-3431-452F-8167-6AFE852E4219}.Debug|Any CPU.Build.0 = Debug|Any CPU
		{336A0408-3431-452F-8167-6AFE852E4219}.Release|Any CPU.ActiveCfg = Release|Any CPU
		{336A0408-3431-452F-8167-6AFE852E4219}.Release|Any CPU.Build.0 = Release|Any CPU
		{2862402C-F32A-4AB2-8524-888AFC2A57E7}.Debug|Any CPU.ActiveCfg = Debug|Any CPU
		{2862402C-F32A-4AB2-8524-888AFC2A57E7}.Debug|Any CPU.Build.0 = Debug|Any CPU
		{2862402C-F32A-4AB2-8524-888AFC2A57E7}.Release|Any CPU.ActiveCfg = Release|Any CPU
		{2862402C-F32A-4AB2-8524-888AFC2A57E7}.Release|Any CPU.Build.0 = Release|Any CPU
		{2EC8B280-AFD7-41AC-80D5-1D190753E5CE}.Debug|Any CPU.ActiveCfg = Debug|Any CPU
		{2EC8B280-AFD7-41AC-80D5-1D190753E5CE}.Debug|Any CPU.Build.0 = Debug|Any CPU
		{2EC8B280-AFD7-41AC-80D5-1D190753E5CE}.Release|Any CPU.ActiveCfg = Release|Any CPU
		{2EC8B280-AFD7-41AC-80D5-1D190753E5CE}.Release|Any CPU.Build.0 = Release|Any CPU
		{790035EC-CBFE-49B1-A265-57C34D5396E2}.Debug|Any CPU.ActiveCfg = Debug|Any CPU
		{790035EC-CBFE-49B1-A265-57C34D5396E2}.Debug|Any CPU.Build.0 = Debug|Any CPU
		{790035EC-CBFE-49B1-A265-57C34D5396E2}.Release|Any CPU.ActiveCfg = Release|Any CPU
		{790035EC-CBFE-49B1-A265-57C34D5396E2}.Release|Any CPU.Build.0 = Release|Any CPU
		{084DC2A7-DD55-47ED-BD90-48A7692F83C0}.Debug|Any CPU.ActiveCfg = Debug|Any CPU
		{084DC2A7-DD55-47ED-BD90-48A7692F83C0}.Debug|Any CPU.Build.0 = Debug|Any CPU
		{084DC2A7-DD55-47ED-BD90-48A7692F83C0}.Release|Any CPU.ActiveCfg = Release|Any CPU
		{084DC2A7-DD55-47ED-BD90-48A7692F83C0}.Release|Any CPU.Build.0 = Release|Any CPU
		{EA2DE471-BBDA-434F-8659-B67231BEDD6D}.Debug|Any CPU.ActiveCfg = Debug|Any CPU
		{EA2DE471-BBDA-434F-8659-B67231BEDD6D}.Debug|Any CPU.Build.0 = Debug|Any CPU
		{EA2DE471-BBDA-434F-8659-B67231BEDD6D}.Release|Any CPU.ActiveCfg = Release|Any CPU
		{EA2DE471-BBDA-434F-8659-B67231BEDD6D}.Release|Any CPU.Build.0 = Release|Any CPU
	EndGlobalSection
	GlobalSection(NestedProjects) = preSolution
		{17609B82-C6C1-48E6-9124-A492F82BB002} = {C9B87C41-32D3-4940-BF4E-AD3C2B1C980C}
		{32AEA7DC-20DA-4CFE-8F03-EB2EC2570278} = {17609B82-C6C1-48E6-9124-A492F82BB002}
		{F46C544D-6AAC-4549-99B8-1BF43CAD4F94} = {C9B87C41-32D3-4940-BF4E-AD3C2B1C980C}
		{13590C95-B6E8-47BF-BC7B-9B77A3754825} = {F46C544D-6AAC-4549-99B8-1BF43CAD4F94}
		{05E66108-143F-4816-8973-925524EAEE2B} = {C9B87C41-32D3-4940-BF4E-AD3C2B1C980C}
		{29CD93D3-66D6-4EE6-BA5B-9C5FD33CC624} = {05E66108-143F-4816-8973-925524EAEE2B}
		{6F777D40-FF24-4238-8976-B10611EF8661} = {C9B87C41-32D3-4940-BF4E-AD3C2B1C980C}
		{41E80A76-A27F-4EC3-8830-6A39B064C1C8} = {6F777D40-FF24-4238-8976-B10611EF8661}
		{23F635CC-61B5-466D-AC26-DE4EFE537C47} = {6F777D40-FF24-4238-8976-B10611EF8661}
		{61A25E20-C2A5-4EB3-B38F-47923DD82EA3} = {C9B87C41-32D3-4940-BF4E-AD3C2B1C980C}
		{A109F656-1A6F-44A1-A2D8-B05B04C6FDC6} = {61A25E20-C2A5-4EB3-B38F-47923DD82EA3}
		{906B7226-196E-4B40-A7E5-44DE1834CF4B} = {61A25E20-C2A5-4EB3-B38F-47923DD82EA3}
		{4F4C1FD2-17CC-431C-BD7D-27903261C9D9} = {C9B87C41-32D3-4940-BF4E-AD3C2B1C980C}
		{0D13D2C5-2334-4A65-B9E9-78EC1CBA7B06} = {4F4C1FD2-17CC-431C-BD7D-27903261C9D9}
		{53110FC9-0E65-4984-8487-83AC95CA70E4} = {C9B87C41-32D3-4940-BF4E-AD3C2B1C980C}
		{D8A705D5-3716-4F33-8B48-3F2E2B77C63F} = {53110FC9-0E65-4984-8487-83AC95CA70E4}
		{5212BDA5-4F60-4D14-A239-202F5BE4FC08} = {C9B87C41-32D3-4940-BF4E-AD3C2B1C980C}
		{3F6DE216-CAE0-4179-BC7D-A7C06C787141} = {5212BDA5-4F60-4D14-A239-202F5BE4FC08}
		{20E1AC54-B3D8-4327-AACB-D666071EFAB2} = {5212BDA5-4F60-4D14-A239-202F5BE4FC08}
		{E7AECEB1-ED17-44C4-96E5-A3EBF58E7268} = {C9B87C41-32D3-4940-BF4E-AD3C2B1C980C}
		{4E138B32-A92C-4978-834E-5B63BE9776E9} = {E7AECEB1-ED17-44C4-96E5-A3EBF58E7268}
		{193C6AF3-34EA-4B28-8332-0979118910AE} = {E7AECEB1-ED17-44C4-96E5-A3EBF58E7268}
		{444D598B-B839-434F-B9DA-EB1A70ADAC01} = {C9B87C41-32D3-4940-BF4E-AD3C2B1C980C}
		{CA88F8A4-06F4-44C1-978D-F1DEB51F3F60} = {444D598B-B839-434F-B9DA-EB1A70ADAC01}
		{55889675-67DB-4694-B263-8ECD554C6053} = {444D598B-B839-434F-B9DA-EB1A70ADAC01}
		{1AB95126-548B-4978-A35A-D51ED520856A} = {C9B87C41-32D3-4940-BF4E-AD3C2B1C980C}
		{A33AF8A6-E1EA-40B9-8C8D-36A03EB6DAB8} = {1AB95126-548B-4978-A35A-D51ED520856A}
		{C2D1D77C-DDDD-493C-9284-CB2B3A4F692E} = {C9B87C41-32D3-4940-BF4E-AD3C2B1C980C}
		{336A0408-3431-452F-8167-6AFE852E4219} = {C2D1D77C-DDDD-493C-9284-CB2B3A4F692E}
		{2862402C-F32A-4AB2-8524-888AFC2A57E7} = {C2D1D77C-DDDD-493C-9284-CB2B3A4F692E}
		{6DFD7B5F-3CB0-4BCB-9E32-FB7CFE762208} = {C9B87C41-32D3-4940-BF4E-AD3C2B1C980C}
		{2EC8B280-AFD7-41AC-80D5-1D190753E5CE} = {6DFD7B5F-3CB0-4BCB-9E32-FB7CFE762208}
		{790035EC-CBFE-49B1-A265-57C34D5396E2} = {6DFD7B5F-3CB0-4BCB-9E32-FB7CFE762208}
		{F7E5C0C1-7048-4918-910E-314CFEC905D4} = {C9B87C41-32D3-4940-BF4E-AD3C2B1C980C}
		{084DC2A7-DD55-47ED-BD90-48A7692F83C0} = {F7E5C0C1-7048-4918-910E-314CFEC905D4}
		{EA2DE471-BBDA-434F-8659-B67231BEDD6D} = {F7E5C0C1-7048-4918-910E-314CFEC905D4}
	EndGlobalSection
EndGlobal
